// !$*UTF8*$!
{
	archiveVersion = 1;
	classes = {
	};
	objectVersion = 46;
	objects = {

/* Begin PBXBuildFile section */
		9BE2197E1C78C2F000AF0CC8 /* AuthenticationController.swift in Sources */ = {isa = PBXBuildFile; fileRef = 9BE2197D1C78C2F000AF0CC8 /* AuthenticationController.swift */; };
		9BE219851C78C50500AF0CC8 /* LoginViewController.swift in Sources */ = {isa = PBXBuildFile; fileRef = 9BE219841C78C50500AF0CC8 /* LoginViewController.swift */; };
		9BE219871C78C58400AF0CC8 /* Login.storyboard in Resources */ = {isa = PBXBuildFile; fileRef = 9BE219861C78C58400AF0CC8 /* Login.storyboard */; };
		9BE219891C78C61100AF0CC8 /* MainTabViewController.swift in Sources */ = {isa = PBXBuildFile; fileRef = 9BE219881C78C61100AF0CC8 /* MainTabViewController.swift */; };
		9BE2198B1C78CA9E00AF0CC8 /* MapViewController.swift in Sources */ = {isa = PBXBuildFile; fileRef = 9BE2198A1C78CA9E00AF0CC8 /* MapViewController.swift */; };
		9BE2198E1C78CABE00AF0CC8 /* FirstTab.storyboard in Resources */ = {isa = PBXBuildFile; fileRef = 9BE2198C1C78CABE00AF0CC8 /* FirstTab.storyboard */; };
		9BE219901C78CB4200AF0CC8 /* SecondTab.storyboard in Resources */ = {isa = PBXBuildFile; fileRef = 9BE2198F1C78CB4200AF0CC8 /* SecondTab.storyboard */; };
		9BE219921C78CB9200AF0CC8 /* ListViewController.swift in Sources */ = {isa = PBXBuildFile; fileRef = 9BE219911C78CB9200AF0CC8 /* ListViewController.swift */; };
		9BE219951C78CC6C00AF0CC8 /* xcelenergy-logo.png in Resources */ = {isa = PBXBuildFile; fileRef = 9BE219941C78CC6C00AF0CC8 /* xcelenergy-logo.png */; };
		9BE219981C78CDAC00AF0CC8 /* ThirdTab.storyboard in Resources */ = {isa = PBXBuildFile; fileRef = 9BE219961C78CDAC00AF0CC8 /* ThirdTab.storyboard */; };
		9BE2199A1C78CE2100AF0CC8 /* TimeSheetViewController.swift in Sources */ = {isa = PBXBuildFile; fileRef = 9BE219991C78CE2100AF0CC8 /* TimeSheetViewController.swift */; };
		9BE2199C1C78DBA600AF0CC8 /* orderslist.json in Resources */ = {isa = PBXBuildFile; fileRef = 9BE2199B1C78DBA600AF0CC8 /* orderslist.json */; };
		9BE219A11C78DCB100AF0CC8 /* Order.swift in Sources */ = {isa = PBXBuildFile; fileRef = 9BE219A01C78DCB100AF0CC8 /* Order.swift */; };
		9BE219A31C78DE7300AF0CC8 /* OrderTableViewCell.swift in Sources */ = {isa = PBXBuildFile; fileRef = 9BE219A21C78DE7300AF0CC8 /* OrderTableViewCell.swift */; };
		9BE219A51C78E85000AF0CC8 /* DetailViewController.swift in Sources */ = {isa = PBXBuildFile; fileRef = 9BE219A41C78E85000AF0CC8 /* DetailViewController.swift */; };
		DFED83EC1C5E6AAB00028C55 /* AppDelegate.swift in Sources */ = {isa = PBXBuildFile; fileRef = DFED83EB1C5E6AAB00028C55 /* AppDelegate.swift */; };
		DFED83F11C5E6AAB00028C55 /* Main.storyboard in Resources */ = {isa = PBXBuildFile; fileRef = DFED83EF1C5E6AAB00028C55 /* Main.storyboard */; };
		DFED83F31C5E6AAB00028C55 /* Assets.xcassets in Resources */ = {isa = PBXBuildFile; fileRef = DFED83F21C5E6AAB00028C55 /* Assets.xcassets */; };
		DFED83F61C5E6AAB00028C55 /* LaunchScreen.storyboard in Resources */ = {isa = PBXBuildFile; fileRef = DFED83F41C5E6AAB00028C55 /* LaunchScreen.storyboard */; };
/* End PBXBuildFile section */

/* Begin PBXFileReference section */
		9BE2197D1C78C2F000AF0CC8 /* AuthenticationController.swift */ = {isa = PBXFileReference; fileEncoding = 4; lastKnownFileType = sourcecode.swift; path = AuthenticationController.swift; sourceTree = "<group>"; };
		9BE219841C78C50500AF0CC8 /* LoginViewController.swift */ = {isa = PBXFileReference; fileEncoding = 4; lastKnownFileType = sourcecode.swift; path = LoginViewController.swift; sourceTree = "<group>"; };
		9BE219861C78C58400AF0CC8 /* Login.storyboard */ = {isa = PBXFileReference; fileEncoding = 4; lastKnownFileType = file.storyboard; path = Login.storyboard; sourceTree = "<group>"; };
		9BE219881C78C61100AF0CC8 /* MainTabViewController.swift */ = {isa = PBXFileReference; fileEncoding = 4; lastKnownFileType = sourcecode.swift; path = MainTabViewController.swift; sourceTree = "<group>"; };
		9BE2198A1C78CA9E00AF0CC8 /* MapViewController.swift */ = {isa = PBXFileReference; fileEncoding = 4; lastKnownFileType = sourcecode.swift; path = MapViewController.swift; sourceTree = "<group>"; };
		9BE2198D1C78CABE00AF0CC8 /* Base */ = {isa = PBXFileReference; lastKnownFileType = file.storyboard; name = Base; path = Base.lproj/FirstTab.storyboard; sourceTree = "<group>"; };
		9BE2198F1C78CB4200AF0CC8 /* SecondTab.storyboard */ = {isa = PBXFileReference; fileEncoding = 4; lastKnownFileType = file.storyboard; path = SecondTab.storyboard; sourceTree = "<group>"; };
		9BE219911C78CB9200AF0CC8 /* ListViewController.swift */ = {isa = PBXFileReference; fileEncoding = 4; lastKnownFileType = sourcecode.swift; path = ListViewController.swift; sourceTree = "<group>"; };
		9BE219941C78CC6C00AF0CC8 /* xcelenergy-logo.png */ = {isa = PBXFileReference; lastKnownFileType = image.png; path = "xcelenergy-logo.png"; sourceTree = "<group>"; };
		9BE219971C78CDAC00AF0CC8 /* Base */ = {isa = PBXFileReference; lastKnownFileType = file.storyboard; name = Base; path = Base.lproj/ThirdTab.storyboard; sourceTree = "<group>"; };
		9BE219991C78CE2100AF0CC8 /* TimeSheetViewController.swift */ = {isa = PBXFileReference; fileEncoding = 4; lastKnownFileType = sourcecode.swift; path = TimeSheetViewController.swift; sourceTree = "<group>"; };
		9BE2199B1C78DBA600AF0CC8 /* orderslist.json */ = {isa = PBXFileReference; fileEncoding = 4; lastKnownFileType = text.json; name = orderslist.json; path = MyGitProject/orderslist.json; sourceTree = "<group>"; };
		9BE219A01C78DCB100AF0CC8 /* Order.swift */ = {isa = PBXFileReference; fileEncoding = 4; lastKnownFileType = sourcecode.swift; name = Order.swift; path = ../Order.swift; sourceTree = "<group>"; };
		9BE219A21C78DE7300AF0CC8 /* OrderTableViewCell.swift */ = {isa = PBXFileReference; fileEncoding = 4; lastKnownFileType = sourcecode.swift; path = OrderTableViewCell.swift; sourceTree = "<group>"; };
		9BE219A41C78E85000AF0CC8 /* DetailViewController.swift */ = {isa = PBXFileReference; fileEncoding = 4; lastKnownFileType = sourcecode.swift; path = DetailViewController.swift; sourceTree = "<group>"; };
		DFED83E81C5E6AAB00028C55 /* MyGitProject.app */ = {isa = PBXFileReference; explicitFileType = wrapper.application; includeInIndex = 0; path = MyGitProject.app; sourceTree = BUILT_PRODUCTS_DIR; };
		DFED83EB1C5E6AAB00028C55 /* AppDelegate.swift */ = {isa = PBXFileReference; lastKnownFileType = sourcecode.swift; path = AppDelegate.swift; sourceTree = "<group>"; };
		DFED83F01C5E6AAB00028C55 /* Base */ = {isa = PBXFileReference; lastKnownFileType = file.storyboard; name = Base; path = Base.lproj/Main.storyboard; sourceTree = "<group>"; };
		DFED83F21C5E6AAB00028C55 /* Assets.xcassets */ = {isa = PBXFileReference; lastKnownFileType = folder.assetcatalog; path = Assets.xcassets; sourceTree = "<group>"; };
		DFED83F51C5E6AAB00028C55 /* Base */ = {isa = PBXFileReference; lastKnownFileType = file.storyboard; name = Base; path = Base.lproj/LaunchScreen.storyboard; sourceTree = "<group>"; };
		DFED83F71C5E6AAB00028C55 /* Info.plist */ = {isa = PBXFileReference; lastKnownFileType = text.plist.xml; path = Info.plist; sourceTree = "<group>"; };
/* End PBXFileReference section */

/* Begin PBXFrameworksBuildPhase section */
		DFED83E51C5E6AAB00028C55 /* Frameworks */ = {
			isa = PBXFrameworksBuildPhase;
			buildActionMask = 2147483647;
			files = (
			);
			runOnlyForDeploymentPostprocessing = 0;
		};
/* End PBXFrameworksBuildPhase section */

/* Begin PBXGroup section */
		9BE2197F1C78C31600AF0CC8 /* ViewController */ = {
			isa = PBXGroup;
			children = (
				9BE2197D1C78C2F000AF0CC8 /* AuthenticationController.swift */,
				9BE219841C78C50500AF0CC8 /* LoginViewController.swift */,
				9BE219881C78C61100AF0CC8 /* MainTabViewController.swift */,
				9BE219811C78C33D00AF0CC8 /* FirstTab */,
				9BE219821C78C34500AF0CC8 /* Secondtab */,
				9BE219831C78C34D00AF0CC8 /* thirdtab */,
			);
			name = ViewController;
			sourceTree = "<group>";
		};
		9BE219801C78C33100AF0CC8 /* Storyboard */ = {
			isa = PBXGroup;
			children = (
				DFED83EF1C5E6AAB00028C55 /* Main.storyboard */,
				9BE219961C78CDAC00AF0CC8 /* ThirdTab.storyboard */,
				9BE2198F1C78CB4200AF0CC8 /* SecondTab.storyboard */,
				9BE2198C1C78CABE00AF0CC8 /* FirstTab.storyboard */,
				9BE219861C78C58400AF0CC8 /* Login.storyboard */,
			);
			name = Storyboard;
			sourceTree = "<group>";
		};
		9BE219811C78C33D00AF0CC8 /* FirstTab */ = {
			isa = PBXGroup;
			children = (
				9BE2198A1C78CA9E00AF0CC8 /* MapViewController.swift */,
			);
			name = FirstTab;
			sourceTree = "<group>";
		};
		9BE219821C78C34500AF0CC8 /* Secondtab */ = {
			isa = PBXGroup;
			children = (
				9BE219A01C78DCB100AF0CC8 /* Order.swift */,
				9BE219A21C78DE7300AF0CC8 /* OrderTableViewCell.swift */,
				9BE219911C78CB9200AF0CC8 /* ListViewController.swift */,
				9BE219A41C78E85000AF0CC8 /* DetailViewController.swift */,
			);
			name = Secondtab;
			sourceTree = "<group>";
		};
		9BE219831C78C34D00AF0CC8 /* thirdtab */ = {
			isa = PBXGroup;
			children = (
				9BE219991C78CE2100AF0CC8 /* TimeSheetViewController.swift */,
			);
			name = thirdtab;
			sourceTree = "<group>";
		};
		9BE219931C78CC5800AF0CC8 /* images */ = {
			isa = PBXGroup;
			children = (
				9BE219941C78CC6C00AF0CC8 /* xcelenergy-logo.png */,
			);
			name = images;
			sourceTree = "<group>";
		};
		9BE2199D1C78DBB000AF0CC8 /* json Files */ = {
			isa = PBXGroup;
			children = (
				9BE2199B1C78DBA600AF0CC8 /* orderslist.json */,
			);
			name = "json Files";
			sourceTree = "<group>";
		};
		DFED83DF1C5E6AAB00028C55 = {
			isa = PBXGroup;
			children = (
				DFED83EA1C5E6AAB00028C55 /* MyGitProject */,
				9BE2199D1C78DBB000AF0CC8 /* json Files */,
				DFED83E91C5E6AAB00028C55 /* Products */,
			);
			sourceTree = "<group>";
		};
		DFED83E91C5E6AAB00028C55 /* Products */ = {
			isa = PBXGroup;
			children = (
				DFED83E81C5E6AAB00028C55 /* MyGitProject.app */,
			);
			name = Products;
			sourceTree = "<group>";
		};
		DFED83EA1C5E6AAB00028C55 /* MyGitProject */ = {
			isa = PBXGroup;
			children = (
				DFED83EB1C5E6AAB00028C55 /* AppDelegate.swift */,
				9BE219801C78C33100AF0CC8 /* Storyboard */,
				9BE2197F1C78C31600AF0CC8 /* ViewController */,
				9BE219931C78CC5800AF0CC8 /* images */,
				DFED83F21C5E6AAB00028C55 /* Assets.xcassets */,
				DFED83F41C5E6AAB00028C55 /* LaunchScreen.storyboard */,
				DFED83F71C5E6AAB00028C55 /* Info.plist */,
			);
			path = MyGitProject;
			sourceTree = "<group>";
		};
/* End PBXGroup section */

/* Begin PBXNativeTarget section */
		DFED83E71C5E6AAB00028C55 /* MyGitProject */ = {
			isa = PBXNativeTarget;
			buildConfigurationList = DFED83FA1C5E6AAB00028C55 /* Build configuration list for PBXNativeTarget "MyGitProject" */;
			buildPhases = (
				DFED83E41C5E6AAB00028C55 /* Sources */,
				DFED83E51C5E6AAB00028C55 /* Frameworks */,
				DFED83E61C5E6AAB00028C55 /* Resources */,
			);
			buildRules = (
			);
			dependencies = (
			);
			name = MyGitProject;
			productName = MyGitProject;
			productReference = DFED83E81C5E6AAB00028C55 /* MyGitProject.app */;
			productType = "com.apple.product-type.application";
		};
/* End PBXNativeTarget section */

/* Begin PBXProject section */
		DFED83E01C5E6AAB00028C55 /* Project object */ = {
			isa = PBXProject;
			attributes = {
				LastSwiftUpdateCheck = 0720;
				LastUpgradeCheck = 0720;
				ORGANIZATIONNAME = "XYZ India Pvt Ltd";
				TargetAttributes = {
					DFED83E71C5E6AAB00028C55 = {
						CreatedOnToolsVersion = 7.2;
					};
				};
			};
			buildConfigurationList = DFED83E31C5E6AAB00028C55 /* Build configuration list for PBXProject "MyGitProject" */;
			compatibilityVersion = "Xcode 3.2";
			developmentRegion = English;
			hasScannedForEncodings = 0;
			knownRegions = (
				en,
				Base,
			);
			mainGroup = DFED83DF1C5E6AAB00028C55;
			productRefGroup = DFED83E91C5E6AAB00028C55 /* Products */;
			projectDirPath = "";
			projectRoot = "";
			targets = (
				DFED83E71C5E6AAB00028C55 /* MyGitProject */,
			);
		};
/* End PBXProject section */

/* Begin PBXResourcesBuildPhase section */
		DFED83E61C5E6AAB00028C55 /* Resources */ = {
			isa = PBXResourcesBuildPhase;
			buildActionMask = 2147483647;
			files = (
				9BE219871C78C58400AF0CC8 /* Login.storyboard in Resources */,
				9BE2198E1C78CABE00AF0CC8 /* FirstTab.storyboard in Resources */,
				DFED83F61C5E6AAB00028C55 /* LaunchScreen.storyboard in Resources */,
				9BE219951C78CC6C00AF0CC8 /* xcelenergy-logo.png in Resources */,
				9BE219981C78CDAC00AF0CC8 /* ThirdTab.storyboard in Resources */,
				DFED83F31C5E6AAB00028C55 /* Assets.xcassets in Resources */,
				9BE219901C78CB4200AF0CC8 /* SecondTab.storyboard in Resources */,
				9BE2199C1C78DBA600AF0CC8 /* orderslist.json in Resources */,
				DFED83F11C5E6AAB00028C55 /* Main.storyboard in Resources */,
			);
			runOnlyForDeploymentPostprocessing = 0;
		};
/* End PBXResourcesBuildPhase section */

/* Begin PBXSourcesBuildPhase section */
		DFED83E41C5E6AAB00028C55 /* Sources */ = {
			isa = PBXSourcesBuildPhase;
			buildActionMask = 2147483647;
			files = (
				9BE219851C78C50500AF0CC8 /* LoginViewController.swift in Sources */,
				9BE2199A1C78CE2100AF0CC8 /* TimeSheetViewController.swift in Sources */,
				9BE219A11C78DCB100AF0CC8 /* Order.swift in Sources */,
				9BE219891C78C61100AF0CC8 /* MainTabViewController.swift in Sources */,
				9BE219921C78CB9200AF0CC8 /* ListViewController.swift in Sources */,
				9BE2197E1C78C2F000AF0CC8 /* AuthenticationController.swift in Sources */,
				9BE219A31C78DE7300AF0CC8 /* OrderTableViewCell.swift in Sources */,
				9BE219A51C78E85000AF0CC8 /* DetailViewController.swift in Sources */,
				9BE2198B1C78CA9E00AF0CC8 /* MapViewController.swift in Sources */,
				DFED83EC1C5E6AAB00028C55 /* AppDelegate.swift in Sources */,
			);
			runOnlyForDeploymentPostprocessing = 0;
		};
/* End PBXSourcesBuildPhase section */

/* Begin PBXVariantGroup section */
		9BE2198C1C78CABE00AF0CC8 /* FirstTab.storyboard */ = {
			isa = PBXVariantGroup;
			children = (
				9BE2198D1C78CABE00AF0CC8 /* Base */,
			);
			name = FirstTab.storyboard;
			sourceTree = "<group>";
		};
		9BE219961C78CDAC00AF0CC8 /* ThirdTab.storyboard */ = {
			isa = PBXVariantGroup;
			children = (
				9BE219971C78CDAC00AF0CC8 /* Base */,
			);
			name = ThirdTab.storyboard;
			sourceTree = "<group>";
		};
		DFED83EF1C5E6AAB00028C55 /* Main.storyboard */ = {
			isa = PBXVariantGroup;
			children = (
				DFED83F01C5E6AAB00028C55 /* Base */,
			);
			name = Main.storyboard;
			sourceTree = "<group>";
		};
		DFED83F41C5E6AAB00028C55 /* LaunchScreen.storyboard */ = {
			isa = PBXVariantGroup;
			children = (
				DFED83F51C5E6AAB00028C55 /* Base */,
			);
			name = LaunchScreen.storyboard;
			sourceTree = "<group>";
		};
/* End PBXVariantGroup section */

/* Begin XCBuildConfiguration section */
		DFED83F81C5E6AAB00028C55 /* Debug */ = {
			isa = XCBuildConfiguration;
			buildSettings = {
				ALWAYS_SEARCH_USER_PATHS = NO;
				CLANG_CXX_LANGUAGE_STANDARD = "gnu++0x";
				CLANG_CXX_LIBRARY = "libc++";
				CLANG_ENABLE_MODULES = YES;
				CLANG_ENABLE_OBJC_ARC = YES;
				CLANG_WARN_BOOL_CONVERSION = YES;
				CLANG_WARN_CONSTANT_CONVERSION = YES;
				CLANG_WARN_DIRECT_OBJC_ISA_USAGE = YES_ERROR;
				CLANG_WARN_EMPTY_BODY = YES;
				CLANG_WARN_ENUM_CONVERSION = YES;
				CLANG_WARN_INT_CONVERSION = YES;
				CLANG_WARN_OBJC_ROOT_CLASS = YES_ERROR;
				CLANG_WARN_UNREACHABLE_CODE = YES;
				CLANG_WARN__DUPLICATE_METHOD_MATCH = YES;
				"CODE_SIGN_IDENTITY[sdk=iphoneos*]" = "iPhone Developer";
				COPY_PHASE_STRIP = NO;
				DEBUG_INFORMATION_FORMAT = dwarf;
				ENABLE_STRICT_OBJC_MSGSEND = YES;
				ENABLE_TESTABILITY = YES;
				GCC_C_LANGUAGE_STANDARD = gnu99;
				GCC_DYNAMIC_NO_PIC = NO;
				GCC_NO_COMMON_BLOCKS = YES;
				GCC_OPTIMIZATION_LEVEL = 0;
				GCC_PREPROCESSOR_DEFINITIONS = (
					"DEBUG=1",
					"$(inherited)",
				);
				GCC_WARN_64_TO_32_BIT_CONVERSION = YES;
				GCC_WARN_ABOUT_RETURN_TYPE = YES_ERROR;
				GCC_WARN_UNDECLARED_SELECTOR = YES;
				GCC_WARN_UNINITIALIZED_AUTOS = YES_AGGRESSIVE;
				GCC_WARN_UNUSED_FUNCTION = YES;
				GCC_WARN_UNUSED_VARIABLE = YES;
				IPHONEOS_DEPLOYMENT_TARGET = 9.2;
				MTL_ENABLE_DEBUG_INFO = YES;
				ONLY_ACTIVE_ARCH = YES;
				SDKROOT = iphoneos;
				SWIFT_OPTIMIZATION_LEVEL = "-Onone";
			};
			name = Debug;
		};
		DFED83F91C5E6AAB00028C55 /* Release */ = {
			isa = XCBuildConfiguration;
			buildSettings = {
				ALWAYS_SEARCH_USER_PATHS = NO;
				CLANG_CXX_LANGUAGE_STANDARD = "gnu++0x";
				CLANG_CXX_LIBRARY = "libc++";
				CLANG_ENABLE_MODULES = YES;
				CLANG_ENABLE_OBJC_ARC = YES;
				CLANG_WARN_BOOL_CONVERSION = YES;
				CLANG_WARN_CONSTANT_CONVERSION = YES;
				CLANG_WARN_DIRECT_OBJC_ISA_USAGE = YES_ERROR;
				CLANG_WARN_EMPTY_BODY = YES;
				CLANG_WARN_ENUM_CONVERSION = YES;
				CLANG_WARN_INT_CONVERSION = YES;
				CLANG_WARN_OBJC_ROOT_CLASS = YES_ERROR;
				CLANG_WARN_UNREACHABLE_CODE = YES;
				CLANG_WARN__DUPLICATE_METHOD_MATCH = YES;
				"CODE_SIGN_IDENTITY[sdk=iphoneos*]" = "iPhone Developer";
				COPY_PHASE_STRIP = NO;
				DEBUG_INFORMATION_FORMAT = "dwarf-with-dsym";
				ENABLE_NS_ASSERTIONS = NO;
				ENABLE_STRICT_OBJC_MSGSEND = YES;
				GCC_C_LANGUAGE_STANDARD = gnu99;
				GCC_NO_COMMON_BLOCKS = YES;
				GCC_WARN_64_TO_32_BIT_CONVERSION = YES;
				GCC_WARN_ABOUT_RETURN_TYPE = YES_ERROR;
				GCC_WARN_UNDECLARED_SELECTOR = YES;
				GCC_WARN_UNINITIALIZED_AUTOS = YES_AGGRESSIVE;
				GCC_WARN_UNUSED_FUNCTION = YES;
				GCC_WARN_UNUSED_VARIABLE = YES;
				IPHONEOS_DEPLOYMENT_TARGET = 9.2;
				MTL_ENABLE_DEBUG_INFO = NO;
				SDKROOT = iphoneos;
				VALIDATE_PRODUCT = YES;
			};
			name = Release;
		};
		DFED83FB1C5E6AAB00028C55 /* Debug */ = {
			isa = XCBuildConfiguration;
			buildSettings = {
				ASSETCATALOG_COMPILER_APPICON_NAME = AppIcon;
				INFOPLIST_FILE = MyGitProject/Info.plist;
				LD_RUNPATH_SEARCH_PATHS = "$(inherited) @executable_path/Frameworks";
				PRODUCT_BUNDLE_IDENTIFIER = com.xyz.mobilefirst.MyGitProject;
				PRODUCT_NAME = "$(TARGET_NAME)";
			};
			name = Debug;
		};
		DFED83FC1C5E6AAB00028C55 /* Release */ = {
			isa = XCBuildConfiguration;
			buildSettings = {
				ASSETCATALOG_COMPILER_APPICON_NAME = AppIcon;
				INFOPLIST_FILE = MyGitProject/Info.plist;
				LD_RUNPATH_SEARCH_PATHS = "$(inherited) @executable_path/Frameworks";
				PRODUCT_BUNDLE_IDENTIFIER = com.xyz.mobilefirst.MyGitProject;
				PRODUCT_NAME = "$(TARGET_NAME)";
			};
			name = Release;
		};
/* End XCBuildConfiguration section */

/* Begin XCConfigurationList section */
		DFED83E31C5E6AAB00028C55 /* Build configuration list for PBXProject "MyGitProject" */ = {
			isa = XCConfigurationList;
			buildConfigurations = (
				DFED83F81C5E6AAB00028C55 /* Debug */,
				DFED83F91C5E6AAB00028C55 /* Release */,
			);
			defaultConfigurationIsVisible = 0;
			defaultConfigurationName = Release;
		};
		DFED83FA1C5E6AAB00028C55 /* Build configuration list for PBXNativeTarget "MyGitProject" */ = {
			isa = XCConfigurationList;
			buildConfigurations = (
				DFED83FB1C5E6AAB00028C55 /* Debug */,
				DFED83FC1C5E6AAB00028C55 /* Release */,
			);
			defaultConfigurationIsVisible = 0;
			defaultConfigurationName = Release;
		};
/* End XCConfigurationList section */
	};
	rootObject = DFED83E01C5E6AAB00028C55 /* Project object */;
}
